
Microsoft Visual Studio Solution File, Format Version 12.00
# Visual Studio Version 17
VisualStudioVersion = 17.2.32516.85
MinimumVisualStudioVersion = 10.0.40219.1
Project("{FAE04EC0-301F-11D3-BF4B-00C04F79EFBC}") = "Cronometro", "Cronometro\Cronometro.csproj", "{63BE86AD-4213-49ED-A8B6-6A50DEEB8903}"
EndProject
Global
	GlobalSection(SolutionConfigurationPlatforms) = preSolution
		Debug|Any CPU = Debug|Any CPU
		Release|Any CPU = Release|Any CPU
	EndGlobalSection
	GlobalSection(ProjectConfigurationPlatforms) = postSolution
		{63BE86AD-4213-49ED-A8B6-6A50DEEB8903}.Debug|Any CPU.ActiveCfg = Debug|Any CPU
		{63BE86AD-4213-49ED-A8B6-6A50DEEB8903}.Debug|Any CPU.Build.0 = Debug|Any CPU
		{63BE86AD-4213-49ED-A8B6-6A50DEEB8903}.Release|Any CPU.ActiveCfg = Release|Any CPU
		{63BE86AD-4213-49ED-A8B6-6A50DEEB8903}.Release|Any CPU.Build.0 = Release|Any CPU
	EndGlobalSection
	GlobalSection(SolutionProperties) = preSolution
		HideSolutionNode = FALSE
	EndGlobalSection
	GlobalSection(ExtensibilityGlobals) = postSolution
		SolutionGuid = {3F0624B4-1FF5-49B9-8D74-720D1C313DB5}
	EndGlobalSection
EndGlobal
